
Microsoft Visual Studio Solution File, Format Version 12.00
# Visual Studio 14
VisualStudioVersion = 14.0.25420.1
MinimumVisualStudioVersion = 10.0.40219.1
Project("{FAE04EC0-301F-11D3-BF4B-00C04F79EFBC}") = "FrmLogin", "FrmLogin\FrmLogin.csproj", "{83EECD65-D0F3-4AA3-9AFF-CF4DAD007B2A}"
EndProject
Project("{FAE04EC0-301F-11D3-BF4B-00C04F79EFBC}") = "Conexao", "Conexao\Conexao.csproj", "{5418A4A7-DAF5-48C6-9130-4526D2A3905E}"
EndProject
Project("{FAE04EC0-301F-11D3-BF4B-00C04F79EFBC}") = "Negocio", "Negocio\Negocio.csproj", "{2A38E3C9-6982-4F8F-A392-2DA73EFAA560}"
EndProject
Project("{FAE04EC0-301F-11D3-BF4B-00C04F79EFBC}") = "ObjetoTransferencia", "ObjetoTransferencia\ObjetoTransferencia.csproj", "{6BFA3148-666A-4E0F-9508-557F47B57AF9}"
EndProject
Global
	GlobalSection(SolutionConfigurationPlatforms) = preSolution
		Debug|Any CPU = Debug|Any CPU
		Release|Any CPU = Release|Any CPU
	EndGlobalSection
	GlobalSection(ProjectConfigurationPlatforms) = postSolution
		{83EECD65-D0F3-4AA3-9AFF-CF4DAD007B2A}.Debug|Any CPU.ActiveCfg = Debug|Any CPU
		{83EECD65-D0F3-4AA3-9AFF-CF4DAD007B2A}.Debug|Any CPU.Build.0 = Debug|Any CPU
		{83EECD65-D0F3-4AA3-9AFF-CF4DAD007B2A}.Release|Any CPU.ActiveCfg = Release|Any CPU
		{83EECD65-D0F3-4AA3-9AFF-CF4DAD007B2A}.Release|Any CPU.Build.0 = Release|Any CPU
		{5418A4A7-DAF5-48C6-9130-4526D2A3905E}.Debug|Any CPU.ActiveCfg = Debug|Any CPU
		{5418A4A7-DAF5-48C6-9130-4526D2A3905E}.Debug|Any CPU.Build.0 = Debug|Any CPU
		{5418A4A7-DAF5-48C6-9130-4526D2A3905E}.Release|Any CPU.ActiveCfg = Release|Any CPU
		{5418A4A7-DAF5-48C6-9130-4526D2A3905E}.Release|Any CPU.Build.0 = Release|Any CPU
		{2A38E3C9-6982-4F8F-A392-2DA73EFAA560}.Debug|Any CPU.ActiveCfg = Debug|Any CPU
		{2A38E3C9-6982-4F8F-A392-2DA73EFAA560}.Debug|Any CPU.Build.0 = Debug|Any CPU
		{2A38E3C9-6982-4F8F-A392-2DA73EFAA560}.Release|Any CPU.ActiveCfg = Release|Any CPU
		{2A38E3C9-6982-4F8F-A392-2DA73EFAA560}.Release|Any CPU.Build.0 = Release|Any CPU
		{6BFA3148-666A-4E0F-9508-557F47B57AF9}.Debug|Any CPU.ActiveCfg = Debug|Any CPU
		{6BFA3148-666A-4E0F-9508-557F47B57AF9}.Debug|Any CPU.Build.0 = Debug|Any CPU
		{6BFA3148-666A-4E0F-9508-557F47B57AF9}.Release|Any CPU.ActiveCfg = Release|Any CPU
		{6BFA3148-666A-4E0F-9508-557F47B57AF9}.Release|Any CPU.Build.0 = Release|Any CPU
	EndGlobalSection
	GlobalSection(SolutionProperties) = preSolution
		HideSolutionNode = FALSE
	EndGlobalSection
EndGlobal
